
Microsoft Visual Studio Solution File, Format Version 12.00
# Visual Studio Version 17
VisualStudioVersion = 17.14.37628.2 d17.14
MinimumVisualStudioVersion = 10.0.40219.1
Project("{FAE04EC0-301F-11D3-BF4B-00C04F79EFBC}") = "Test_Score_Average", "Test_Score_Average\Test_Score_Average.csproj", "{EE86C59A-C57C-43ED-85C4-46FE0725A8CA}"
EndProject
Global
	GlobalSection(SolutionConfigurationPlatforms) = preSolution
		Debug|Any CPU = Debug|Any CPU
		Release|Any CPU = Release|Any CPU
	EndGlobalSection
	GlobalSection(ProjectConfigurationPlatforms) = postSolution
		{EE86C59A-C57C-43ED-85C4-46FE0725A8CA}.Debug|Any CPU.ActiveCfg = Debug|Any CPU
		{EE86C59A-C57C-43ED-85C4-46FE0725A8CA}.Debug|Any CPU.Build.0 = Debug|Any CPU
		{EE86C59A-C57C-43ED-85C4-46FE0725A8CA}.Release|Any CPU.ActiveCfg = Release|Any CPU
		{EE86C59A-C57C-43ED-85C4-46FE0725A8CA}.Release|Any CPU.Build.0 = Release|Any CPU
	EndGlobalSection
	GlobalSection(SolutionProperties) = preSolution
		HideSolutionNode = FALSE
	EndGlobalSection
	GlobalSection(ExtensibilityGlobals) = postSolution
		SolutionGuid = {315B1461-27B2-4941-8C08-7B48775D1743}
	EndGlobalSection
EndGlobal
